
Microsoft Visual Studio Solution File, Format Version 12.00
# Visual Studio Version 17
VisualStudioVersion = 17.4.33213.308
MinimumVisualStudioVersion = 10.0.40219.1
Project("{FAE04EC0-301F-11D3-BF4B-00C04F79EFBC}") = "MovieDatabaseAPI", "MovieDatabase API\MovieDatabaseAPI.csproj", "{20AAF311-5523-4A9D-B368-6F67560C7CD4}"
EndProject
Global
	GlobalSection(SolutionConfigurationPlatforms) = preSolution
		Debug|Any CPU = Debug|Any CPU
		Release|Any CPU = Release|Any CPU
	EndGlobalSection
	GlobalSection(ProjectConfigurationPlatforms) = postSolution
		{20AAF311-5523-4A9D-B368-6F67560C7CD4}.Debug|Any CPU.ActiveCfg = Debug|Any CPU
		{20AAF311-5523-4A9D-B368-6F67560C7CD4}.Debug|Any CPU.Build.0 = Debug|Any CPU
		{20AAF311-5523-4A9D-B368-6F67560C7CD4}.Release|Any CPU.ActiveCfg = Release|Any CPU
		{20AAF311-5523-4A9D-B368-6F67560C7CD4}.Release|Any CPU.Build.0 = Release|Any CPU
	EndGlobalSection
	GlobalSection(SolutionProperties) = preSolution
		HideSolutionNode = FALSE
	EndGlobalSection
	GlobalSection(ExtensibilityGlobals) = postSolution
		SolutionGuid = {8389A905-9DE5-462A-B8D5-53387D77A1A5}
	EndGlobalSection
EndGlobal
